// !$*UTF8*$!
{
	archiveVersion = 1;
	classes = {
	};
	objectVersion = 46;
	objects = {

/* Begin PBXBuildFile section */
		A71F5EEA1DBE28D000888228 /* m-initing.swift in Sources */ = {isa = PBXBuildFile; fileRef = D2D216421B629E8E00489EB9 /* m-initing.swift */; };
		A72244101DBE3BF700B41F61 /* SwixTestsF.swift in Sources */ = {isa = PBXBuildFile; fileRef = A722440F1DBE3BF700B41F61 /* SwixTestsF.swift */; };
		A72244121DBE3BF700B41F61 /* SwixF.framework in Frameworks */ = {isa = PBXBuildFile; fileRef = A72965971DBCDAE4007C07F3 /* SwixF.framework */; };
		A72244181DBE3C0800B41F61 /* SwixTestF.swift in Sources */ = {isa = PBXBuildFile; fileRef = A72244081DBE3BCF00B41F61 /* SwixTestF.swift */; };
		A728DFFD1DBBAF66008624D4 /* SwixTest.swift in Sources */ = {isa = PBXBuildFile; fileRef = A728DFED1DBBACE3008624D4 /* SwixTest.swift */; };
		A729654F1DBBB34A007C07F3 /* opencv2.framework in Frameworks */ = {isa = PBXBuildFile; fileRef = D2D216541B629E8E00489EB9 /* opencv2.framework */; };
		A72965501DBBB366007C07F3 /* Accelerate.framework in Frameworks */ = {isa = PBXBuildFile; fileRef = D2B481B1196F20EB00DAEDFF /* Accelerate.framework */; };
		A72965511DBBB369007C07F3 /* Foundation.framework in Frameworks */ = {isa = PBXBuildFile; fileRef = D2B481AF196F20E400DAEDFF /* Foundation.framework */; };
		A729656A1DBCBA76007C07F3 /* SwixO.h in Headers */ = {isa = PBXBuildFile; fileRef = A729655C1DBCBA75007C07F3 /* SwixO.h */; settings = {ATTRIBUTES = (Public, ); }; };
		A72965711DBCBAD9007C07F3 /* complex-math.swift in Sources */ = {isa = PBXBuildFile; fileRef = D2D88FC41D00BB9C0062B7DC /* complex-math.swift */; };
		A72965721DBCBAD9007C07F3 /* helper-functions.swift in Sources */ = {isa = PBXBuildFile; fileRef = D2D88FC51D00BB9C0062B7DC /* helper-functions.swift */; };
		A72965741DBCBAD9007C07F3 /* operators.swift in Sources */ = {isa = PBXBuildFile; fileRef = D2D88FC71D00BB9C0062B7DC /* operators.swift */; };
		A72965751DBCBAD9007C07F3 /* simple-math.swift in Sources */ = {isa = PBXBuildFile; fileRef = D2D88FC81D00BB9C0062B7DC /* simple-math.swift */; };
		A72965761DBCBAD9007C07F3 /* vector.swift in Sources */ = {isa = PBXBuildFile; fileRef = D2D88FC91D00BB9C0062B7DC /* vector.swift */; };
		A72965771DBCBAE2007C07F3 /* io.swift in Sources */ = {isa = PBXBuildFile; fileRef = D2D2163B1B629E8E00489EB9 /* io.swift */; };
		A72965781DBCBAE2007C07F3 /* numbers.swift in Sources */ = {isa = PBXBuildFile; fileRef = D2D2164D1B629E8E00489EB9 /* numbers.swift */; };
		A72965791DBCBAE7007C07F3 /* machine_learning.swift in Sources */ = {isa = PBXBuildFile; fileRef = D2D2163D1B629E8E00489EB9 /* machine_learning.swift */; };
		A729657A1DBCBAEE007C07F3 /* m-complex-math.swift in Sources */ = {isa = PBXBuildFile; fileRef = D2D2163F1B629E8E00489EB9 /* m-complex-math.swift */; };
		A729657B1DBCBAEE007C07F3 /* m-helper-functions.swift in Sources */ = {isa = PBXBuildFile; fileRef = D2D216401B629E8E00489EB9 /* m-helper-functions.swift */; };
		A729657C1DBCBAEE007C07F3 /* m-image.swift in Sources */ = {isa = PBXBuildFile; fileRef = D2D216411B629E8E00489EB9 /* m-image.swift */; };
		A729657E1DBCBAEE007C07F3 /* m-matrix.swift in Sources */ = {isa = PBXBuildFile; fileRef = D2D216431B629E8E00489EB9 /* m-matrix.swift */; };
		A729657F1DBCBAEE007C07F3 /* m-operators.swift in Sources */ = {isa = PBXBuildFile; fileRef = D2D216441B629E8E00489EB9 /* m-operators.swift */; };
		A72965801DBCBAEE007C07F3 /* m-simple-math.swift in Sources */ = {isa = PBXBuildFile; fileRef = D2D216451B629E8E00489EB9 /* m-simple-math.swift */; };
		A72965811DBCBB65007C07F3 /* conversion.swift in Sources */ = {isa = PBXBuildFile; fileRef = D2D2164F1B629E8E00489EB9 /* conversion.swift */; };
		A72965821DBCBB65007C07F3 /* machine_learning.mm in Sources */ = {isa = PBXBuildFile; fileRef = D2D216501B629E8E00489EB9 /* machine_learning.mm */; };
		A72965831DBCBB65007C07F3 /* math.m in Sources */ = {isa = PBXBuildFile; fileRef = D2D216511B629E8E00489EB9 /* math.m */; };
		A72965841DBCBB65007C07F3 /* opencv.mm in Sources */ = {isa = PBXBuildFile; fileRef = D2D216531B629E8E00489EB9 /* opencv.mm */; };
		A72965851DBCBB65007C07F3 /* operations-and-indexing.m in Sources */ = {isa = PBXBuildFile; fileRef = D2D216551B629E8E00489EB9 /* operations-and-indexing.m */; };
		A72965861DBCBB75007C07F3 /* ScalarArithmetic-bleed.swift in Sources */ = {isa = PBXBuildFile; fileRef = D2D216571B629E8E00489EB9 /* ScalarArithmetic-bleed.swift */; };
		A72965871DBCBB7F007C07F3 /* opencv2.framework in Frameworks */ = {isa = PBXBuildFile; fileRef = D2D216541B629E8E00489EB9 /* opencv2.framework */; };
		A72965881DBCBB86007C07F3 /* Accelerate.framework in Frameworks */ = {isa = PBXBuildFile; fileRef = D2B481B1196F20EB00DAEDFF /* Accelerate.framework */; };
		A72965891DBCBB8A007C07F3 /* Foundation.framework in Frameworks */ = {isa = PBXBuildFile; fileRef = D2B481AF196F20E400DAEDFF /* Foundation.framework */; };
		A729658A1DBCC4E8007C07F3 /* OpenCV.h in Headers */ = {isa = PBXBuildFile; fileRef = D2D216521B629E8E00489EB9 /* OpenCV.h */; settings = {ATTRIBUTES = (Public, ); }; };
		A729658B1DBCC4ED007C07F3 /* swix-Bridging-Header.h in Headers */ = {isa = PBXBuildFile; fileRef = D2D216561B629E8E00489EB9 /* swix-Bridging-Header.h */; settings = {ATTRIBUTES = (Public, ); }; };
		A72965901DBCCBFC007C07F3 /* SwixO.framework in Frameworks */ = {isa = PBXBuildFile; fileRef = A729655A1DBCBA75007C07F3 /* SwixO.framework */; };
		A72965A71DBCDAE4007C07F3 /* SwixF.h in Headers */ = {isa = PBXBuildFile; fileRef = A72965991DBCDAE4007C07F3 /* SwixF.h */; settings = {ATTRIBUTES = (Public, ); }; };
		A75377241DBD30A000E25A40 /* complex-math.swift in Sources */ = {isa = PBXBuildFile; fileRef = D2D88FC41D00BB9C0062B7DC /* complex-math.swift */; };
		A75377251DBD30A000E25A40 /* helper-functions.swift in Sources */ = {isa = PBXBuildFile; fileRef = D2D88FC51D00BB9C0062B7DC /* helper-functions.swift */; };
		A75377261DBD30A000E25A40 /* initing.swift in Sources */ = {isa = PBXBuildFile; fileRef = D2D88FC61D00BB9C0062B7DC /* initing.swift */; };
		A75377271DBD30A000E25A40 /* operators.swift in Sources */ = {isa = PBXBuildFile; fileRef = D2D88FC71D00BB9C0062B7DC /* operators.swift */; };
		A75377281DBD30A000E25A40 /* simple-math.swift in Sources */ = {isa = PBXBuildFile; fileRef = D2D88FC81D00BB9C0062B7DC /* simple-math.swift */; };
		A75377291DBD30A000E25A40 /* functionalWrapper.swift in Sources */ = {isa = PBXBuildFile; fileRef = A729658C1DBCC755007C07F3 /* functionalWrapper.swift */; };
		A753772A1DBD30A000E25A40 /* vector.swift in Sources */ = {isa = PBXBuildFile; fileRef = D2D88FC91D00BB9C0062B7DC /* vector.swift */; };
		A753772B1DBD30A900E25A40 /* io.swift in Sources */ = {isa = PBXBuildFile; fileRef = D2D2163B1B629E8E00489EB9 /* io.swift */; };
		A753772C1DBD30A900E25A40 /* numbers.swift in Sources */ = {isa = PBXBuildFile; fileRef = D2D2164D1B629E8E00489EB9 /* numbers.swift */; };
		A753772D1DBD30AD00E25A40 /* machine_learning.swift in Sources */ = {isa = PBXBuildFile; fileRef = D2D2163D1B629E8E00489EB9 /* machine_learning.swift */; };
		A753772E1DBD30B200E25A40 /* m-complex-math.swift in Sources */ = {isa = PBXBuildFile; fileRef = D2D2163F1B629E8E00489EB9 /* m-complex-math.swift */; };
		A753772F1DBD30B200E25A40 /* m-helper-functions.swift in Sources */ = {isa = PBXBuildFile; fileRef = D2D216401B629E8E00489EB9 /* m-helper-functions.swift */; };
		A75377301DBD30B200E25A40 /* m-image.swift in Sources */ = {isa = PBXBuildFile; fileRef = D2D216411B629E8E00489EB9 /* m-image.swift */; };
		A75377321DBD30B200E25A40 /* m-matrix.swift in Sources */ = {isa = PBXBuildFile; fileRef = D2D216431B629E8E00489EB9 /* m-matrix.swift */; };
		A75377331DBD30B200E25A40 /* m-operators.swift in Sources */ = {isa = PBXBuildFile; fileRef = D2D216441B629E8E00489EB9 /* m-operators.swift */; };
		A75377341DBD30B200E25A40 /* m-simple-math.swift in Sources */ = {isa = PBXBuildFile; fileRef = D2D216451B629E8E00489EB9 /* m-simple-math.swift */; };
		A75377351DBD30FA00E25A40 /* conversion.swift in Sources */ = {isa = PBXBuildFile; fileRef = D2D2164F1B629E8E00489EB9 /* conversion.swift */; };
		A75377361DBD30FA00E25A40 /* machine_learning.mm in Sources */ = {isa = PBXBuildFile; fileRef = D2D216501B629E8E00489EB9 /* machine_learning.mm */; };
		A75377371DBD30FA00E25A40 /* math.m in Sources */ = {isa = PBXBuildFile; fileRef = D2D216511B629E8E00489EB9 /* math.m */; };
		A75377391DBD30FA00E25A40 /* opencv.mm in Sources */ = {isa = PBXBuildFile; fileRef = D2D216531B629E8E00489EB9 /* opencv.mm */; };
		A753773A1DBD30FA00E25A40 /* operations-and-indexing.m in Sources */ = {isa = PBXBuildFile; fileRef = D2D216551B629E8E00489EB9 /* operations-and-indexing.m */; };
		A753773C1DBD30FA00E25A40 /* ScalarArithmetic-bleed.swift in Sources */ = {isa = PBXBuildFile; fileRef = D2D216571B629E8E00489EB9 /* ScalarArithmetic-bleed.swift */; };
		A753773D1DBD31C600E25A40 /* OpenCV.h in Headers */ = {isa = PBXBuildFile; fileRef = D2D216521B629E8E00489EB9 /* OpenCV.h */; settings = {ATTRIBUTES = (Public, ); }; };
		A753773E1DBD31E200E25A40 /* opencv2.framework in Frameworks */ = {isa = PBXBuildFile; fileRef = D2D216541B629E8E00489EB9 /* opencv2.framework */; };
		A753773F1DBD31E200E25A40 /* Accelerate.framework in Frameworks */ = {isa = PBXBuildFile; fileRef = D2B481B1196F20EB00DAEDFF /* Accelerate.framework */; };
		A75377401DBD31E200E25A40 /* Foundation.framework in Frameworks */ = {isa = PBXBuildFile; fileRef = D2B481AF196F20E400DAEDFF /* Foundation.framework */; };
		A75377411DBD31F800E25A40 /* swix-Bridging-Header.h in Headers */ = {isa = PBXBuildFile; fileRef = D2D216561B629E8E00489EB9 /* swix-Bridging-Header.h */; settings = {ATTRIBUTES = (Public, ); }; };
/* End PBXBuildFile section */

/* Begin PBXContainerItemProxy section */
		A72244131DBE3BF700B41F61 /* PBXContainerItemProxy */ = {
			isa = PBXContainerItemProxy;
			containerPortal = D24A8549196D7D73009C18AC /* Project object */;
			proxyType = 1;
			remoteGlobalIDString = A72965961DBCDAE4007C07F3;
			remoteInfo = SwixF;
		};
/* End PBXContainerItemProxy section */

/* Begin PBXFileReference section */
		A71F5EF41DBE350700888228 /* SwixOTestsF.swift */ = {isa = PBXFileReference; lastKnownFileType = sourcecode.swift; path = SwixOTestsF.swift; sourceTree = "<group>"; };
		A71F5EF61DBE350700888228 /* Info.plist */ = {isa = PBXFileReference; lastKnownFileType = text.plist.xml; path = Info.plist; sourceTree = "<group>"; };
		A72244081DBE3BCF00B41F61 /* SwixTestF.swift */ = {isa = PBXFileReference; lastKnownFileType = sourcecode.swift; name = SwixTestF.swift; path = swix/swixTest/SwixTestF.swift; sourceTree = "<group>"; };
		A722440D1DBE3BF700B41F61 /* SwixTestsF.xctest */ = {isa = PBXFileReference; explicitFileType = wrapper.cfbundle; includeInIndex = 0; path = SwixTestsF.xctest; sourceTree = BUILT_PRODUCTS_DIR; };
		A722440F1DBE3BF700B41F61 /* SwixTestsF.swift */ = {isa = PBXFileReference; lastKnownFileType = sourcecode.swift; path = SwixTestsF.swift; sourceTree = "<group>"; };
		A72244111DBE3BF700B41F61 /* Info.plist */ = {isa = PBXFileReference; lastKnownFileType = text.plist.xml; path = Info.plist; sourceTree = "<group>"; };
		A728DFEC1DBBACE3008624D4 /* Info.plist */ = {isa = PBXFileReference; fileEncoding = 4; lastKnownFileType = text.plist.xml; name = Info.plist; path = swix/swixTest/Info.plist; sourceTree = "<group>"; };
		A728DFED1DBBACE3008624D4 /* SwixTest.swift */ = {isa = PBXFileReference; fileEncoding = 4; lastKnownFileType = sourcecode.swift; name = SwixTest.swift; path = swix/swixTest/SwixTest.swift; sourceTree = "<group>"; };
		A728DFF31DBBAD15008624D4 /* SwixTest.xctest */ = {isa = PBXFileReference; explicitFileType = wrapper.cfbundle; includeInIndex = 0; path = SwixTest.xctest; sourceTree = BUILT_PRODUCTS_DIR; };
		A729655A1DBCBA75007C07F3 /* SwixO.framework */ = {isa = PBXFileReference; explicitFileType = wrapper.framework; includeInIndex = 0; path = SwixO.framework; sourceTree = BUILT_PRODUCTS_DIR; };
		A729655C1DBCBA75007C07F3 /* SwixO.h */ = {isa = PBXFileReference; lastKnownFileType = sourcecode.c.h; path = SwixO.h; sourceTree = "<group>"; };
		A729655D1DBCBA75007C07F3 /* Info.plist */ = {isa = PBXFileReference; lastKnownFileType = text.plist.xml; path = Info.plist; sourceTree = "<group>"; };
		A729658C1DBCC755007C07F3 /* functionalWrapper.swift */ = {isa = PBXFileReference; fileEncoding = 4; lastKnownFileType = sourcecode.swift; name = functionalWrapper.swift; path = vector/functionalWrapper.swift; sourceTree = "<group>"; };
		A72965971DBCDAE4007C07F3 /* SwixF.framework */ = {isa = PBXFileReference; explicitFileType = wrapper.framework; includeInIndex = 0; path = SwixF.framework; sourceTree = BUILT_PRODUCTS_DIR; };
		A72965991DBCDAE4007C07F3 /* SwixF.h */ = {isa = PBXFileReference; lastKnownFileType = sourcecode.c.h; path = SwixF.h; sourceTree = "<group>"; };
		A729659A1DBCDAE4007C07F3 /* Info.plist */ = {isa = PBXFileReference; lastKnownFileType = text.plist.xml; path = Info.plist; sourceTree = "<group>"; };
		D2B481AF196F20E400DAEDFF /* Foundation.framework */ = {isa = PBXFileReference; lastKnownFileType = wrapper.framework; name = Foundation.framework; path = System/Library/Frameworks/Foundation.framework; sourceTree = SDKROOT; };
		D2B481B1196F20EB00DAEDFF /* Accelerate.framework */ = {isa = PBXFileReference; lastKnownFileType = wrapper.framework; name = Accelerate.framework; path = System/Library/Frameworks/Accelerate.framework; sourceTree = SDKROOT; };
		D2D2163A1B629E8E00489EB9 /* imshow.py */ = {isa = PBXFileReference; fileEncoding = 4; lastKnownFileType = text.script.python; name = imshow.py; path = swix/imshow.py; sourceTree = "<group>"; };
		D2D2163B1B629E8E00489EB9 /* io.swift */ = {isa = PBXFileReference; fileEncoding = 4; lastKnownFileType = sourcecode.swift; name = io.swift; path = swix/io.swift; sourceTree = "<group>"; };
		D2D2163D1B629E8E00489EB9 /* machine_learning.swift */ = {isa = PBXFileReference; fileEncoding = 4; lastKnownFileType = sourcecode.swift; path = machine_learning.swift; sourceTree = "<group>"; };
		D2D2163F1B629E8E00489EB9 /* m-complex-math.swift */ = {isa = PBXFileReference; fileEncoding = 4; lastKnownFileType = sourcecode.swift; path = "m-complex-math.swift"; sourceTree = "<group>"; };
		D2D216401B629E8E00489EB9 /* m-helper-functions.swift */ = {isa = PBXFileReference; fileEncoding = 4; lastKnownFileType = sourcecode.swift; path = "m-helper-functions.swift"; sourceTree = "<group>"; };
		D2D216411B629E8E00489EB9 /* m-image.swift */ = {isa = PBXFileReference; fileEncoding = 4; lastKnownFileType = sourcecode.swift; path = "m-image.swift"; sourceTree = "<group>"; };
		D2D216421B629E8E00489EB9 /* m-initing.swift */ = {isa = PBXFileReference; fileEncoding = 4; lastKnownFileType = sourcecode.swift; path = "m-initing.swift"; sourceTree = "<group>"; };
		D2D216431B629E8E00489EB9 /* m-matrix.swift */ = {isa = PBXFileReference; fileEncoding = 4; lastKnownFileType = sourcecode.swift; path = "m-matrix.swift"; sourceTree = "<group>"; };
		D2D216441B629E8E00489EB9 /* m-operators.swift */ = {isa = PBXFileReference; fileEncoding = 4; lastKnownFileType = sourcecode.swift; path = "m-operators.swift"; sourceTree = "<group>"; };
		D2D216451B629E8E00489EB9 /* m-simple-math.swift */ = {isa = PBXFileReference; fileEncoding = 4; lastKnownFileType = sourcecode.swift; path = "m-simple-math.swift"; sourceTree = "<group>"; };
		D2D2164D1B629E8E00489EB9 /* numbers.swift */ = {isa = PBXFileReference; fileEncoding = 4; lastKnownFileType = sourcecode.swift; name = numbers.swift; path = swix/numbers.swift; sourceTree = "<group>"; };
		D2D2164F1B629E8E00489EB9 /* conversion.swift */ = {isa = PBXFileReference; fileEncoding = 4; lastKnownFileType = sourcecode.swift; path = conversion.swift; sourceTree = "<group>"; };
		D2D216501B629E8E00489EB9 /* machine_learning.mm */ = {isa = PBXFileReference; fileEncoding = 4; lastKnownFileType = sourcecode.cpp.objcpp; path = machine_learning.mm; sourceTree = "<group>"; };
		D2D216511B629E8E00489EB9 /* math.m */ = {isa = PBXFileReference; fileEncoding = 4; lastKnownFileType = sourcecode.c.objc; path = math.m; sourceTree = "<group>"; };
		D2D216521B629E8E00489EB9 /* OpenCV.h */ = {isa = PBXFileReference; fileEncoding = 4; lastKnownFileType = sourcecode.c.h; path = OpenCV.h; sourceTree = "<group>"; };
		D2D216531B629E8E00489EB9 /* opencv.mm */ = {isa = PBXFileReference; fileEncoding = 4; lastKnownFileType = sourcecode.cpp.objcpp; path = opencv.mm; sourceTree = "<group>"; };
		D2D216541B629E8E00489EB9 /* opencv2.framework */ = {isa = PBXFileReference; lastKnownFileType = wrapper.framework; name = opencv2.framework; path = swix/swix/objc/opencv2.framework; sourceTree = "<group>"; };
		D2D216551B629E8E00489EB9 /* operations-and-indexing.m */ = {isa = PBXFileReference; fileEncoding = 4; lastKnownFileType = sourcecode.c.objc; path = "operations-and-indexing.m"; sourceTree = "<group>"; };
		D2D216561B629E8E00489EB9 /* swix-Bridging-Header.h */ = {isa = PBXFileReference; fileEncoding = 4; lastKnownFileType = sourcecode.c.h; path = "swix-Bridging-Header.h"; sourceTree = "<group>"; };
		D2D216571B629E8E00489EB9 /* ScalarArithmetic-bleed.swift */ = {isa = PBXFileReference; fileEncoding = 4; lastKnownFileType = sourcecode.swift; name = "ScalarArithmetic-bleed.swift"; path = "swix/ScalarArithmetic-bleed.swift"; sourceTree = "<group>"; };
		D2D88FC41D00BB9C0062B7DC /* complex-math.swift */ = {isa = PBXFileReference; fileEncoding = 4; lastKnownFileType = sourcecode.swift; name = "complex-math.swift"; path = "vector/complex-math.swift"; sourceTree = "<group>"; };
		D2D88FC51D00BB9C0062B7DC /* helper-functions.swift */ = {isa = PBXFileReference; fileEncoding = 4; lastKnownFileType = sourcecode.swift; name = "helper-functions.swift"; path = "vector/helper-functions.swift"; sourceTree = "<group>"; };
		D2D88FC61D00BB9C0062B7DC /* initing.swift */ = {isa = PBXFileReference; fileEncoding = 4; lastKnownFileType = sourcecode.swift; name = initing.swift; path = vector/initing.swift; sourceTree = "<group>"; };
		D2D88FC71D00BB9C0062B7DC /* operators.swift */ = {isa = PBXFileReference; fileEncoding = 4; lastKnownFileType = sourcecode.swift; name = operators.swift; path = vector/operators.swift; sourceTree = "<group>"; };
		D2D88FC81D00BB9C0062B7DC /* simple-math.swift */ = {isa = PBXFileReference; fileEncoding = 4; lastKnownFileType = sourcecode.swift; name = "simple-math.swift"; path = "vector/simple-math.swift"; sourceTree = "<group>"; };
		D2D88FC91D00BB9C0062B7DC /* vector.swift */ = {isa = PBXFileReference; fileEncoding = 4; lastKnownFileType = sourcecode.swift; name = vector.swift; path = vector/vector.swift; sourceTree = "<group>"; };
/* End PBXFileReference section */

/* Begin PBXFrameworksBuildPhase section */
		A722440A1DBE3BF700B41F61 /* Frameworks */ = {
			isa = PBXFrameworksBuildPhase;
			buildActionMask = 2147483647;
			files = (
				A72244121DBE3BF700B41F61 /* SwixF.framework in Frameworks */,
			);
			runOnlyForDeploymentPostprocessing = 0;
		};
		A728DFF01DBBAD15008624D4 /* Frameworks */ = {
			isa = PBXFrameworksBuildPhase;
			buildActionMask = 2147483647;
			files = (
				A729654F1DBBB34A007C07F3 /* opencv2.framework in Frameworks */,
				A72965901DBCCBFC007C07F3 /* SwixO.framework in Frameworks */,
				A72965501DBBB366007C07F3 /* Accelerate.framework in Frameworks */,
				A72965511DBBB369007C07F3 /* Foundation.framework in Frameworks */,
			);
			runOnlyForDeploymentPostprocessing = 0;
		};
		A72965561DBCBA75007C07F3 /* Frameworks */ = {
			isa = PBXFrameworksBuildPhase;
			buildActionMask = 2147483647;
			files = (
				A72965871DBCBB7F007C07F3 /* opencv2.framework in Frameworks */,
				A72965891DBCBB8A007C07F3 /* Foundation.framework in Frameworks */,
				A72965881DBCBB86007C07F3 /* Accelerate.framework in Frameworks */,
			);
			runOnlyForDeploymentPostprocessing = 0;
		};
		A72965931DBCDAE4007C07F3 /* Frameworks */ = {
			isa = PBXFrameworksBuildPhase;
			buildActionMask = 2147483647;
			files = (
				A753773E1DBD31E200E25A40 /* opencv2.framework in Frameworks */,
				A753773F1DBD31E200E25A40 /* Accelerate.framework in Frameworks */,
				A75377401DBD31E200E25A40 /* Foundation.framework in Frameworks */,
			);
			runOnlyForDeploymentPostprocessing = 0;
		};
/* End PBXFrameworksBuildPhase section */

/* Begin PBXGroup section */
		A71F5EF31DBE350700888228 /* SwixOTestsF */ = {
			isa = PBXGroup;
			children = (
				A71F5EF41DBE350700888228 /* SwixOTestsF.swift */,
				A71F5EF61DBE350700888228 /* Info.plist */,
			);
			path = SwixOTestsF;
			sourceTree = "<group>";
		};
		A722440E1DBE3BF700B41F61 /* SwixTestsF */ = {
			isa = PBXGroup;
			children = (
				A722440F1DBE3BF700B41F61 /* SwixTestsF.swift */,
				A72244111DBE3BF700B41F61 /* Info.plist */,
			);
			path = SwixTestsF;
			sourceTree = "<group>";
		};
		A728DFC41DBBAB46008624D4 /* swixTest */ = {
			isa = PBXGroup;
			children = (
				A728DFEC1DBBACE3008624D4 /* Info.plist */,
				A728DFED1DBBACE3008624D4 /* SwixTest.swift */,
				A72244081DBE3BCF00B41F61 /* SwixTestF.swift */,
			);
			name = swixTest;
			sourceTree = "<group>";
		};
		A72965521DBBC72C007C07F3 /* Frameworks */ = {
			isa = PBXGroup;
			children = (
				D2D216541B629E8E00489EB9 /* opencv2.framework */,
				D2B481B1196F20EB00DAEDFF /* Accelerate.framework */,
				D2B481AF196F20E400DAEDFF /* Foundation.framework */,
			);
			name = Frameworks;
			sourceTree = "<group>";
		};
		A729655B1DBCBA75007C07F3 /* SwixO */ = {
			isa = PBXGroup;
			children = (
				A729655C1DBCBA75007C07F3 /* SwixO.h */,
				A729655D1DBCBA75007C07F3 /* Info.plist */,
			);
			path = SwixO;
			sourceTree = "<group>";
		};
		A72965981DBCDAE4007C07F3 /* SwixF */ = {
			isa = PBXGroup;
			children = (
				A72965991DBCDAE4007C07F3 /* SwixF.h */,
				A729659A1DBCDAE4007C07F3 /* Info.plist */,
			);
			path = SwixF;
			sourceTree = "<group>";
		};
		D24A8548196D7D73009C18AC = {
			isa = PBXGroup;
			children = (
				A728DFC41DBBAB46008624D4 /* swixTest */,
				A729655B1DBCBA75007C07F3 /* SwixO */,
				A72965981DBCDAE4007C07F3 /* SwixF */,
				A71F5EF31DBE350700888228 /* SwixOTestsF */,
				A722440E1DBE3BF700B41F61 /* SwixTestsF */,
				D24A8552196D7D73009C18AC /* Products */,
				D2D216371B629E8E00489EB9 /* swix */,
				A72965521DBBC72C007C07F3 /* Frameworks */,
			);
			sourceTree = "<group>";
		};
		D24A8552196D7D73009C18AC /* Products */ = {
			isa = PBXGroup;
			children = (
				A728DFF31DBBAD15008624D4 /* SwixTest.xctest */,
				A729655A1DBCBA75007C07F3 /* SwixO.framework */,
				A72965971DBCDAE4007C07F3 /* SwixF.framework */,
				A722440D1DBE3BF700B41F61 /* SwixTestsF.xctest */,
			);
			name = Products;
			sourceTree = "<group>";
		};
		D2D216371B629E8E00489EB9 /* swix */ = {
			isa = PBXGroup;
			children = (
				D2D88FD01D00BBA10062B7DC /* vector */,
				D2D2163A1B629E8E00489EB9 /* imshow.py */,
				D2D2163B1B629E8E00489EB9 /* io.swift */,
				D2D2164D1B629E8E00489EB9 /* numbers.swift */,
				D2D2163C1B629E8E00489EB9 /* machine_learning */,
				D2D2163E1B629E8E00489EB9 /* matrix */,
				D2D2164E1B629E8E00489EB9 /* objc */,
				D2D216571B629E8E00489EB9 /* ScalarArithmetic-bleed.swift */,
				D2D216581B629E8E00489EB9 /* swift-complex */,
			);
			path = swix;
			sourceTree = "<group>";
		};
		D2D2163C1B629E8E00489EB9 /* machine_learning */ = {
			isa = PBXGroup;
			children = (
				D2D2163D1B629E8E00489EB9 /* machine_learning.swift */,
			);
			name = machine_learning;
			path = swix/machine_learning;
			sourceTree = "<group>";
		};
		D2D2163E1B629E8E00489EB9 /* matrix */ = {
			isa = PBXGroup;
			children = (
				D2D2163F1B629E8E00489EB9 /* m-complex-math.swift */,
				D2D216401B629E8E00489EB9 /* m-helper-functions.swift */,
				D2D216411B629E8E00489EB9 /* m-image.swift */,
				D2D216421B629E8E00489EB9 /* m-initing.swift */,
				D2D216431B629E8E00489EB9 /* m-matrix.swift */,
				D2D216441B629E8E00489EB9 /* m-operators.swift */,
				D2D216451B629E8E00489EB9 /* m-simple-math.swift */,
			);
			name = matrix;
			path = swix/matrix;
			sourceTree = "<group>";
		};
		D2D2164E1B629E8E00489EB9 /* objc */ = {
			isa = PBXGroup;
			children = (
				D2D2164F1B629E8E00489EB9 /* conversion.swift */,
				D2D216501B629E8E00489EB9 /* machine_learning.mm */,
				D2D216511B629E8E00489EB9 /* math.m */,
				D2D216521B629E8E00489EB9 /* OpenCV.h */,
				D2D216531B629E8E00489EB9 /* opencv.mm */,
				D2D216551B629E8E00489EB9 /* operations-and-indexing.m */,
				D2D216561B629E8E00489EB9 /* swix-Bridging-Header.h */,
			);
			name = objc;
			path = swix/objc;
			sourceTree = "<group>";
		};
		D2D216581B629E8E00489EB9 /* swift-complex */ = {
			isa = PBXGroup;
			children = (
			);
			name = "swift-complex";
			path = "swix/swift-complex";
			sourceTree = "<group>";
		};
		D2D88FD01D00BBA10062B7DC /* vector */ = {
			isa = PBXGroup;
			children = (
				D2D88FC41D00BB9C0062B7DC /* complex-math.swift */,
				D2D88FC51D00BB9C0062B7DC /* helper-functions.swift */,
				D2D88FC61D00BB9C0062B7DC /* initing.swift */,
				D2D88FC71D00BB9C0062B7DC /* operators.swift */,
				D2D88FC81D00BB9C0062B7DC /* simple-math.swift */,
				A729658C1DBCC755007C07F3 /* functionalWrapper.swift */,
				D2D88FC91D00BB9C0062B7DC /* vector.swift */,
			);
			name = vector;
			path = swix;
			sourceTree = "<group>";
		};
/* End PBXGroup section */

/* Begin PBXHeadersBuildPhase section */
		A72965571DBCBA75007C07F3 /* Headers */ = {
			isa = PBXHeadersBuildPhase;
			buildActionMask = 2147483647;
			files = (
				A729656A1DBCBA76007C07F3 /* SwixO.h in Headers */,
				A729658A1DBCC4E8007C07F3 /* OpenCV.h in Headers */,
				A729658B1DBCC4ED007C07F3 /* swix-Bridging-Header.h in Headers */,
			);
			runOnlyForDeploymentPostprocessing = 0;
		};
		A72965941DBCDAE4007C07F3 /* Headers */ = {
			isa = PBXHeadersBuildPhase;
			buildActionMask = 2147483647;
			files = (
				A72965A71DBCDAE4007C07F3 /* SwixF.h in Headers */,
				A753773D1DBD31C600E25A40 /* OpenCV.h in Headers */,
				A75377411DBD31F800E25A40 /* swix-Bridging-Header.h in Headers */,
			);
			runOnlyForDeploymentPostprocessing = 0;
		};
/* End PBXHeadersBuildPhase section */

/* Begin PBXNativeTarget section */
		A722440C1DBE3BF700B41F61 /* SwixTestsF */ = {
			isa = PBXNativeTarget;
			buildConfigurationList = A72244151DBE3BF700B41F61 /* Build configuration list for PBXNativeTarget "SwixTestsF" */;
			buildPhases = (
				A72244091DBE3BF700B41F61 /* Sources */,
				A722440A1DBE3BF700B41F61 /* Frameworks */,
				A722440B1DBE3BF700B41F61 /* Resources */,
			);
			buildRules = (
			);
			dependencies = (
				A72244141DBE3BF700B41F61 /* PBXTargetDependency */,
			);
			name = SwixTestsF;
			productName = SwixTestsF;
			productReference = A722440D1DBE3BF700B41F61 /* SwixTestsF.xctest */;
			productType = "com.apple.product-type.bundle.unit-test";
		};
		A728DFF21DBBAD15008624D4 /* SwixTest */ = {
			isa = PBXNativeTarget;
			buildConfigurationList = A728DFF81DBBAD15008624D4 /* Build configuration list for PBXNativeTarget "SwixTest" */;
			buildPhases = (
				A728DFEF1DBBAD15008624D4 /* Sources */,
				A728DFF01DBBAD15008624D4 /* Frameworks */,
				A728DFF11DBBAD15008624D4 /* Resources */,
			);
			buildRules = (
			);
			dependencies = (
			);
			name = SwixTest;
			productName = swixTest;
			productReference = A728DFF31DBBAD15008624D4 /* SwixTest.xctest */;
			productType = "com.apple.product-type.bundle.unit-test";
		};
		A72965591DBCBA75007C07F3 /* SwixO */ = {
			isa = PBXNativeTarget;
			buildConfigurationList = A729656F1DBCBA76007C07F3 /* Build configuration list for PBXNativeTarget "SwixO" */;
			buildPhases = (
				A72965551DBCBA75007C07F3 /* Sources */,
				A72965561DBCBA75007C07F3 /* Frameworks */,
				A72965571DBCBA75007C07F3 /* Headers */,
				A72965581DBCBA75007C07F3 /* Resources */,
			);
			buildRules = (
			);
			dependencies = (
			);
			name = SwixO;
			productName = SwixO;
			productReference = A729655A1DBCBA75007C07F3 /* SwixO.framework */;
			productType = "com.apple.product-type.framework";
		};
		A72965961DBCDAE4007C07F3 /* SwixF */ = {
			isa = PBXNativeTarget;
			buildConfigurationList = A72965A81DBCDAE4007C07F3 /* Build configuration list for PBXNativeTarget "SwixF" */;
			buildPhases = (
				A72965921DBCDAE4007C07F3 /* Sources */,
				A72965931DBCDAE4007C07F3 /* Frameworks */,
				A72965941DBCDAE4007C07F3 /* Headers */,
				A72965951DBCDAE4007C07F3 /* Resources */,
			);
			buildRules = (
			);
			dependencies = (
			);
			name = SwixF;
			productName = SwixF;
			productReference = A72965971DBCDAE4007C07F3 /* SwixF.framework */;
			productType = "com.apple.product-type.framework";
		};
/* End PBXNativeTarget section */

/* Begin PBXProject section */
		D24A8549196D7D73009C18AC /* Project object */ = {
			isa = PBXProject;
			attributes = {
				LastSwiftMigration = 0700;
				LastSwiftUpdateCheck = 0800;
				LastUpgradeCheck = 0700;
				ORGANIZATIONNAME = com.scott;
				TargetAttributes = {
					A722440C1DBE3BF700B41F61 = {
						CreatedOnToolsVersion = 8.0;
						DevelopmentTeam = BBEN69ME29;
						ProvisioningStyle = Automatic;
					};
					A728DFF21DBBAD15008624D4 = {
						CreatedOnToolsVersion = 8.0;
						DevelopmentTeam = BBEN69ME29;
						ProvisioningStyle = Automatic;
					};
					A72965591DBCBA75007C07F3 = {
						CreatedOnToolsVersion = 8.0;
						DevelopmentTeam = BBEN69ME29;
						ProvisioningStyle = Automatic;
					};
					A72965961DBCDAE4007C07F3 = {
						CreatedOnToolsVersion = 8.0;
						DevelopmentTeam = BBEN69ME29;
						ProvisioningStyle = Automatic;
					};
				};
			};
			buildConfigurationList = D24A854C196D7D73009C18AC /* Build configuration list for PBXProject "swix" */;
			compatibilityVersion = "Xcode 3.2";
			developmentRegion = English;
			hasScannedForEncodings = 0;
			knownRegions = (
				en,
			);
			mainGroup = D24A8548196D7D73009C18AC;
			productRefGroup = D24A8552196D7D73009C18AC /* Products */;
			projectDirPath = "";
			projectRoot = "";
			targets = (
				A728DFF21DBBAD15008624D4 /* SwixTest */,
				A72965591DBCBA75007C07F3 /* SwixO */,
				A72965961DBCDAE4007C07F3 /* SwixF */,
				A722440C1DBE3BF700B41F61 /* SwixTestsF */,
			);
		};
/* End PBXProject section */

/* Begin PBXResourcesBuildPhase section */
		A722440B1DBE3BF700B41F61 /* Resources */ = {
			isa = PBXResourcesBuildPhase;
			buildActionMask = 2147483647;
			files = (
			);
			runOnlyForDeploymentPostprocessing = 0;
		};
		A728DFF11DBBAD15008624D4 /* Resources */ = {
			isa = PBXResourcesBuildPhase;
			buildActionMask = 2147483647;
			files = (
			);
			runOnlyForDeploymentPostprocessing = 0;
		};
		A72965581DBCBA75007C07F3 /* Resources */ = {
			isa = PBXResourcesBuildPhase;
			buildActionMask = 2147483647;
			files = (
			);
			runOnlyForDeploymentPostprocessing = 0;
		};
		A72965951DBCDAE4007C07F3 /* Resources */ = {
			isa = PBXResourcesBuildPhase;
			buildActionMask = 2147483647;
			files = (
			);
			runOnlyForDeploymentPostprocessing = 0;
		};
/* End PBXResourcesBuildPhase section */

/* Begin PBXSourcesBuildPhase section */
		A72244091DBE3BF700B41F61 /* Sources */ = {
			isa = PBXSourcesBuildPhase;
			buildActionMask = 2147483647;
			files = (
				A72244101DBE3BF700B41F61 /* SwixTestsF.swift in Sources */,
				A72244181DBE3C0800B41F61 /* SwixTestF.swift in Sources */,
			);
			runOnlyForDeploymentPostprocessing = 0;
		};
		A728DFEF1DBBAD15008624D4 /* Sources */ = {
			isa = PBXSourcesBuildPhase;
			buildActionMask = 2147483647;
			files = (
				A728DFFD1DBBAF66008624D4 /* SwixTest.swift in Sources */,
			);
			runOnlyForDeploymentPostprocessing = 0;
		};
		A72965551DBCBA75007C07F3 /* Sources */ = {
			isa = PBXSourcesBuildPhase;
			buildActionMask = 2147483647;
			files = (
				A729657F1DBCBAEE007C07F3 /* m-operators.swift in Sources */,
				A729657B1DBCBAEE007C07F3 /* m-helper-functions.swift in Sources */,
				A72965861DBCBB75007C07F3 /* ScalarArithmetic-bleed.swift in Sources */,
				A729657C1DBCBAEE007C07F3 /* m-image.swift in Sources */,
				A72965711DBCBAD9007C07F3 /* complex-math.swift in Sources */,
				A72965741DBCBAD9007C07F3 /* operators.swift in Sources */,
				A72965821DBCBB65007C07F3 /* machine_learning.mm in Sources */,
				A72965771DBCBAE2007C07F3 /* io.swift in Sources */,
				A72965831DBCBB65007C07F3 /* math.m in Sources */,
				A72965761DBCBAD9007C07F3 /* vector.swift in Sources */,
				A729657A1DBCBAEE007C07F3 /* m-complex-math.swift in Sources */,
				A72965781DBCBAE2007C07F3 /* numbers.swift in Sources */,
				A72965801DBCBAEE007C07F3 /* m-simple-math.swift in Sources */,
				A72965841DBCBB65007C07F3 /* opencv.mm in Sources */,
				A72965851DBCBB65007C07F3 /* operations-and-indexing.m in Sources */,
				A72965721DBCBAD9007C07F3 /* helper-functions.swift in Sources */,
				A729657E1DBCBAEE007C07F3 /* m-matrix.swift in Sources */,
				A72965811DBCBB65007C07F3 /* conversion.swift in Sources */,
				A72965751DBCBAD9007C07F3 /* simple-math.swift in Sources */,
				A72965791DBCBAE7007C07F3 /* machine_learning.swift in Sources */,
			);
			runOnlyForDeploymentPostprocessing = 0;
		};
		A72965921DBCDAE4007C07F3 /* Sources */ = {
			isa = PBXSourcesBuildPhase;
			buildActionMask = 2147483647;
			files = (
				A75377291DBD30A000E25A40 /* functionalWrapper.swift in Sources */,
				A753773A1DBD30FA00E25A40 /* operations-and-indexing.m in Sources */,
				A753772D1DBD30AD00E25A40 /* machine_learning.swift in Sources */,
				A75377241DBD30A000E25A40 /* complex-math.swift in Sources */,
				A75377271DBD30A000E25A40 /* operators.swift in Sources */,
				A753773C1DBD30FA00E25A40 /* ScalarArithmetic-bleed.swift in Sources */,
				A75377331DBD30B200E25A40 /* m-operators.swift in Sources */,
				A753772C1DBD30A900E25A40 /* numbers.swift in Sources */,
				A75377351DBD30FA00E25A40 /* conversion.swift in Sources */,
				A753772B1DBD30A900E25A40 /* io.swift in Sources */,
				A75377321DBD30B200E25A40 /* m-matrix.swift in Sources */,
				A75377391DBD30FA00E25A40 /* opencv.mm in Sources */,
				A753772E1DBD30B200E25A40 /* m-complex-math.swift in Sources */,
				A75377361DBD30FA00E25A40 /* machine_learning.mm in Sources */,
				A753772F1DBD30B200E25A40 /* m-helper-functions.swift in Sources */,
				A75377251DBD30A000E25A40 /* helper-functions.swift in Sources */,
				A753772A1DBD30A000E25A40 /* vector.swift in Sources */,
				A75377371DBD30FA00E25A40 /* math.m in Sources */,
				A75377301DBD30B200E25A40 /* m-image.swift in Sources */,
				A75377261DBD30A000E25A40 /* initing.swift in Sources */,
				A71F5EEA1DBE28D000888228 /* m-initing.swift in Sources */,
				A75377341DBD30B200E25A40 /* m-simple-math.swift in Sources */,
				A75377281DBD30A000E25A40 /* simple-math.swift in Sources */,
			);
			runOnlyForDeploymentPostprocessing = 0;
		};
/* End PBXSourcesBuildPhase section */

/* Begin PBXTargetDependency section */
		A72244141DBE3BF700B41F61 /* PBXTargetDependency */ = {
			isa = PBXTargetDependency;
			target = A72965961DBCDAE4007C07F3 /* SwixF */;
			targetProxy = A72244131DBE3BF700B41F61 /* PBXContainerItemProxy */;
		};
/* End PBXTargetDependency section */

/* Begin XCBuildConfiguration section */
		A72244161DBE3BF700B41F61 /* Debug */ = {
			isa = XCBuildConfiguration;
			buildSettings = {
				CLANG_ANALYZER_NONNULL = YES;
				CLANG_WARN_DOCUMENTATION_COMMENTS = YES;
				CLANG_WARN_INFINITE_RECURSION = YES;
				CLANG_WARN_SUSPICIOUS_MOVES = YES;
				CODE_SIGN_IDENTITY = "-";
				COMBINE_HIDPI_IMAGES = YES;
				DEBUG_INFORMATION_FORMAT = dwarf;
				DEVELOPMENT_TEAM = BBEN69ME29;
				GCC_NO_COMMON_BLOCKS = YES;
				INFOPLIST_FILE = SwixTestsF/Info.plist;
				LD_RUNPATH_SEARCH_PATHS = "$(inherited) @executable_path/../Frameworks @loader_path/../Frameworks";
				MACOSX_DEPLOYMENT_TARGET = 10.12;
				PRODUCT_BUNDLE_IDENTIFIER = biz.liquit.SwixTestsF;
				PRODUCT_NAME = "$(TARGET_NAME)";
				SWIFT_ACTIVE_COMPILATION_CONDITIONS = DEBUG;
				SWIFT_VERSION = 3.0;
			};
			name = Debug;
		};
		A72244171DBE3BF700B41F61 /* Release */ = {
			isa = XCBuildConfiguration;
			buildSettings = {
				CLANG_ANALYZER_NONNULL = YES;
				CLANG_WARN_DOCUMENTATION_COMMENTS = YES;
				CLANG_WARN_INFINITE_RECURSION = YES;
				CLANG_WARN_SUSPICIOUS_MOVES = YES;
				CODE_SIGN_IDENTITY = "-";
				COMBINE_HIDPI_IMAGES = YES;
				COPY_PHASE_STRIP = NO;
				DEVELOPMENT_TEAM = BBEN69ME29;
				GCC_NO_COMMON_BLOCKS = YES;
				INFOPLIST_FILE = SwixTestsF/Info.plist;
				LD_RUNPATH_SEARCH_PATHS = "$(inherited) @executable_path/../Frameworks @loader_path/../Frameworks";
				MACOSX_DEPLOYMENT_TARGET = 10.12;
				PRODUCT_BUNDLE_IDENTIFIER = biz.liquit.SwixTestsF;
				PRODUCT_NAME = "$(TARGET_NAME)";
				SWIFT_OPTIMIZATION_LEVEL = "-Owholemodule";
				SWIFT_VERSION = 3.0;
			};
			name = Release;
		};
		A728DFF91DBBAD15008624D4 /* Debug */ = {
			isa = XCBuildConfiguration;
			buildSettings = {
				CLANG_ANALYZER_NONNULL = YES;
				CLANG_WARN_DOCUMENTATION_COMMENTS = YES;
				CLANG_WARN_INFINITE_RECURSION = YES;
				CLANG_WARN_SUSPICIOUS_MOVES = YES;
				CODE_SIGN_IDENTITY = "-";
				COMBINE_HIDPI_IMAGES = YES;
				DEBUG_INFORMATION_FORMAT = dwarf;
				DEVELOPMENT_TEAM = BBEN69ME29;
				FRAMEWORK_SEARCH_PATHS = (
					"$(inherited)",
					"$(PROJECT_DIR)/swix/swix/objc",
				);
				GCC_NO_COMMON_BLOCKS = YES;
				INFOPLIST_FILE = swix/swixTest/Info.plist;
				LD_RUNPATH_SEARCH_PATHS = "$(inherited) @executable_path/../Frameworks @loader_path/../Frameworks";
				MACOSX_DEPLOYMENT_TARGET = 10.12;
				PRODUCT_BUNDLE_IDENTIFIER = biz.liquit.swixTest;
				PRODUCT_NAME = "$(TARGET_NAME)";
				SWIFT_ACTIVE_COMPILATION_CONDITIONS = DEBUG;
				SWIFT_VERSION = 3.0;
			};
			name = Debug;
		};
		A728DFFA1DBBAD15008624D4 /* Release */ = {
			isa = XCBuildConfiguration;
			buildSettings = {
				CLANG_ANALYZER_NONNULL = YES;
				CLANG_WARN_DOCUMENTATION_COMMENTS = YES;
				CLANG_WARN_INFINITE_RECURSION = YES;
				CLANG_WARN_SUSPICIOUS_MOVES = YES;
				CODE_SIGN_IDENTITY = "-";
				COMBINE_HIDPI_IMAGES = YES;
				COPY_PHASE_STRIP = NO;
				DEVELOPMENT_TEAM = BBEN69ME29;
				FRAMEWORK_SEARCH_PATHS = (
					"$(inherited)",
					"$(PROJECT_DIR)/swix/swix/objc",
				);
				GCC_NO_COMMON_BLOCKS = YES;
				INFOPLIST_FILE = swix/swixTest/Info.plist;
				LD_RUNPATH_SEARCH_PATHS = "$(inherited) @executable_path/../Frameworks @loader_path/../Frameworks";
				MACOSX_DEPLOYMENT_TARGET = 10.12;
				PRODUCT_BUNDLE_IDENTIFIER = biz.liquit.swixTest;
				PRODUCT_NAME = "$(TARGET_NAME)";
				SWIFT_OPTIMIZATION_LEVEL = "-Owholemodule";
				SWIFT_VERSION = 3.0;
			};
			name = Release;
		};
		A729656B1DBCBA76007C07F3 /* Debug */ = {
			isa = XCBuildConfiguration;
			buildSettings = {
				CLANG_ANALYZER_NONNULL = YES;
				CLANG_WARN_DOCUMENTATION_COMMENTS = YES;
				CLANG_WARN_INFINITE_RECURSION = YES;
				CLANG_WARN_SUSPICIOUS_MOVES = YES;
				CODE_SIGN_IDENTITY = "-";
				COMBINE_HIDPI_IMAGES = YES;
				CURRENT_PROJECT_VERSION = 1;
				DEBUG_INFORMATION_FORMAT = dwarf;
				DEFINES_MODULE = YES;
				DEVELOPMENT_TEAM = BBEN69ME29;
				DYLIB_COMPATIBILITY_VERSION = 1;
				DYLIB_CURRENT_VERSION = 1;
				DYLIB_INSTALL_NAME_BASE = "@rpath";
				FRAMEWORK_SEARCH_PATHS = (
					"$(inherited)",
					"$(PROJECT_DIR)/swix/swix/objc",
				);
				FRAMEWORK_VERSION = A;
				GCC_NO_COMMON_BLOCKS = YES;
				INFOPLIST_FILE = SwixO/Info.plist;
				INSTALL_PATH = "$(LOCAL_LIBRARY_DIR)/Frameworks";
				LD_RUNPATH_SEARCH_PATHS = "$(inherited) @executable_path/../Frameworks @loader_path/Frameworks";
				MACOSX_DEPLOYMENT_TARGET = 10.9;
				PRODUCT_BUNDLE_IDENTIFIER = biz.liquit.SwixO;
				PRODUCT_NAME = "$(TARGET_NAME)";
				SKIP_INSTALL = YES;
				SWIFT_ACTIVE_COMPILATION_CONDITIONS = DEBUG;
				SWIFT_VERSION = 3.0;
				VERSIONING_SYSTEM = "apple-generic";
				VERSION_INFO_PREFIX = "";
			};
			name = Debug;
		};
		A729656C1DBCBA76007C07F3 /* Release */ = {
			isa = XCBuildConfiguration;
			buildSettings = {
				CLANG_ANALYZER_NONNULL = YES;
				CLANG_WARN_DOCUMENTATION_COMMENTS = YES;
				CLANG_WARN_INFINITE_RECURSION = YES;
				CLANG_WARN_SUSPICIOUS_MOVES = YES;
				CODE_SIGN_IDENTITY = "-";
				COMBINE_HIDPI_IMAGES = YES;
				COPY_PHASE_STRIP = NO;
				CURRENT_PROJECT_VERSION = 1;
				DEFINES_MODULE = YES;
				DEVELOPMENT_TEAM = BBEN69ME29;
				DYLIB_COMPATIBILITY_VERSION = 1;
				DYLIB_CURRENT_VERSION = 1;
				DYLIB_INSTALL_NAME_BASE = "@rpath";
				FRAMEWORK_SEARCH_PATHS = (
					"$(inherited)",
					"$(PROJECT_DIR)/swix/swix/objc",
				);
				FRAMEWORK_VERSION = A;
				GCC_NO_COMMON_BLOCKS = YES;
				INFOPLIST_FILE = SwixO/Info.plist;
				INSTALL_PATH = "$(LOCAL_LIBRARY_DIR)/Frameworks";
				LD_RUNPATH_SEARCH_PATHS = "$(inherited) @executable_path/../Frameworks @loader_path/Frameworks";
				MACOSX_DEPLOYMENT_TARGET = 10.9;
				PRODUCT_BUNDLE_IDENTIFIER = biz.liquit.SwixO;
				PRODUCT_NAME = "$(TARGET_NAME)";
				SKIP_INSTALL = YES;
				SWIFT_OPTIMIZATION_LEVEL = "-Owholemodule";
				SWIFT_VERSION = 3.0;
				VERSIONING_SYSTEM = "apple-generic";
				VERSION_INFO_PREFIX = "";
			};
			name = Release;
		};
		A72965A91DBCDAE4007C07F3 /* Debug */ = {
			isa = XCBuildConfiguration;
			buildSettings = {
				CLANG_ANALYZER_NONNULL = YES;
				CLANG_WARN_DOCUMENTATION_COMMENTS = YES;
				CLANG_WARN_INFINITE_RECURSION = YES;
				CLANG_WARN_SUSPICIOUS_MOVES = YES;
				CODE_SIGN_IDENTITY = "-";
				COMBINE_HIDPI_IMAGES = YES;
				CURRENT_PROJECT_VERSION = 1;
				DEBUG_INFORMATION_FORMAT = dwarf;
				DEFINES_MODULE = YES;
				DEVELOPMENT_TEAM = BBEN69ME29;
				DYLIB_COMPATIBILITY_VERSION = 1;
				DYLIB_CURRENT_VERSION = 1;
				DYLIB_INSTALL_NAME_BASE = "@rpath";
				FRAMEWORK_SEARCH_PATHS = (
					"$(inherited)",
					"$(PROJECT_DIR)/swix/swix/objc",
				);
				FRAMEWORK_VERSION = A;
				GCC_NO_COMMON_BLOCKS = YES;
				INFOPLIST_FILE = SwixF/Info.plist;
				INSTALL_PATH = "$(LOCAL_LIBRARY_DIR)/Frameworks";
				LD_RUNPATH_SEARCH_PATHS = "$(inherited) @executable_path/../Frameworks @loader_path/Frameworks";
				MACOSX_DEPLOYMENT_TARGET = 10.12;
				PRODUCT_BUNDLE_IDENTIFIER = biz.liquit.SwixF;
				PRODUCT_NAME = "$(TARGET_NAME)";
				SKIP_INSTALL = YES;
				SWIFT_ACTIVE_COMPILATION_CONDITIONS = DEBUG;
				SWIFT_VERSION = 3.0;
				VERSIONING_SYSTEM = "apple-generic";
				VERSION_INFO_PREFIX = "";
			};
			name = Debug;
		};
		A72965AA1DBCDAE4007C07F3 /* Release */ = {
			isa = XCBuildConfiguration;
			buildSettings = {
				CLANG_ANALYZER_NONNULL = YES;
				CLANG_WARN_DOCUMENTATION_COMMENTS = YES;
				CLANG_WARN_INFINITE_RECURSION = YES;
				CLANG_WARN_SUSPICIOUS_MOVES = YES;
				CODE_SIGN_IDENTITY = "-";
				COMBINE_HIDPI_IMAGES = YES;
				COPY_PHASE_STRIP = NO;
				CURRENT_PROJECT_VERSION = 1;
				DEFINES_MODULE = YES;
				DEVELOPMENT_TEAM = BBEN69ME29;
				DYLIB_COMPATIBILITY_VERSION = 1;
				DYLIB_CURRENT_VERSION = 1;
				DYLIB_INSTALL_NAME_BASE = "@rpath";
				FRAMEWORK_SEARCH_PATHS = (
					"$(inherited)",
					"$(PROJECT_DIR)/swix/swix/objc",
				);
				FRAMEWORK_VERSION = A;
				GCC_NO_COMMON_BLOCKS = YES;
				INFOPLIST_FILE = SwixF/Info.plist;
				INSTALL_PATH = "$(LOCAL_LIBRARY_DIR)/Frameworks";
				LD_RUNPATH_SEARCH_PATHS = "$(inherited) @executable_path/../Frameworks @loader_path/Frameworks";
				MACOSX_DEPLOYMENT_TARGET = 10.12;
				PRODUCT_BUNDLE_IDENTIFIER = biz.liquit.SwixF;
				PRODUCT_NAME = "$(TARGET_NAME)";
				SKIP_INSTALL = YES;
				SWIFT_OPTIMIZATION_LEVEL = "-Owholemodule";
				SWIFT_VERSION = 3.0;
				VERSIONING_SYSTEM = "apple-generic";
				VERSION_INFO_PREFIX = "";
			};
			name = Release;
		};
		D24A8556196D7D73009C18AC /* Debug */ = {
			isa = XCBuildConfiguration;
			buildSettings = {
				ALWAYS_SEARCH_USER_PATHS = NO;
				CLANG_CXX_LANGUAGE_STANDARD = "gnu++0x";
				CLANG_CXX_LIBRARY = "libc++";
				CLANG_ENABLE_MODULES = YES;
				CLANG_ENABLE_OBJC_ARC = YES;
				CLANG_WARN_BOOL_CONVERSION = YES;
				CLANG_WARN_CONSTANT_CONVERSION = YES;
				CLANG_WARN_DIRECT_OBJC_ISA_USAGE = YES_ERROR;
				CLANG_WARN_EMPTY_BODY = YES;
				CLANG_WARN_ENUM_CONVERSION = YES;
				CLANG_WARN_INT_CONVERSION = YES;
				CLANG_WARN_OBJC_ROOT_CLASS = YES_ERROR;
				CLANG_WARN_UNREACHABLE_CODE = YES;
				CLANG_WARN__DUPLICATE_METHOD_MATCH = YES;
				COPY_PHASE_STRIP = NO;
				ENABLE_STRICT_OBJC_MSGSEND = YES;
				ENABLE_TESTABILITY = YES;
				GCC_C_LANGUAGE_STANDARD = gnu99;
				GCC_DYNAMIC_NO_PIC = NO;
				GCC_OPTIMIZATION_LEVEL = 0;
				GCC_PREPROCESSOR_DEFINITIONS = (
					"DEBUG=1",
					"$(inherited)",
				);
				GCC_SYMBOLS_PRIVATE_EXTERN = NO;
				GCC_WARN_64_TO_32_BIT_CONVERSION = YES;
				GCC_WARN_ABOUT_RETURN_TYPE = YES_ERROR;
				GCC_WARN_UNDECLARED_SELECTOR = YES;
				GCC_WARN_UNINITIALIZED_AUTOS = YES_AGGRESSIVE;
				GCC_WARN_UNUSED_FUNCTION = YES;
				GCC_WARN_UNUSED_VARIABLE = YES;
				MACOSX_DEPLOYMENT_TARGET = 10.9;
				MTL_ENABLE_DEBUG_INFO = YES;
				ONLY_ACTIVE_ARCH = YES;
				SDKROOT = macosx;
				SWIFT_OBJC_BRIDGING_HEADER = "";
				SWIFT_OPTIMIZATION_LEVEL = "-Onone";
			};
			name = Debug;
		};
		D24A8557196D7D73009C18AC /* Release */ = {
			isa = XCBuildConfiguration;
			buildSettings = {
				ALWAYS_SEARCH_USER_PATHS = NO;
				CLANG_CXX_LANGUAGE_STANDARD = "gnu++0x";
				CLANG_CXX_LIBRARY = "libc++";
				CLANG_ENABLE_MODULES = YES;
				CLANG_ENABLE_OBJC_ARC = YES;
				CLANG_WARN_BOOL_CONVERSION = YES;
				CLANG_WARN_CONSTANT_CONVERSION = YES;
				CLANG_WARN_DIRECT_OBJC_ISA_USAGE = YES_ERROR;
				CLANG_WARN_EMPTY_BODY = YES;
				CLANG_WARN_ENUM_CONVERSION = YES;
				CLANG_WARN_INT_CONVERSION = YES;
				CLANG_WARN_OBJC_ROOT_CLASS = YES_ERROR;
				CLANG_WARN_UNREACHABLE_CODE = YES;
				CLANG_WARN__DUPLICATE_METHOD_MATCH = YES;
				COPY_PHASE_STRIP = YES;
				DEBUG_INFORMATION_FORMAT = "dwarf-with-dsym";
				ENABLE_NS_ASSERTIONS = NO;
				ENABLE_STRICT_OBJC_MSGSEND = YES;
				GCC_C_LANGUAGE_STANDARD = gnu99;
				GCC_WARN_64_TO_32_BIT_CONVERSION = YES;
				GCC_WARN_ABOUT_RETURN_TYPE = YES_ERROR;
				GCC_WARN_UNDECLARED_SELECTOR = YES;
				GCC_WARN_UNINITIALIZED_AUTOS = YES_AGGRESSIVE;
				GCC_WARN_UNUSED_FUNCTION = YES;
				GCC_WARN_UNUSED_VARIABLE = YES;
				MACOSX_DEPLOYMENT_TARGET = 10.9;
				MTL_ENABLE_DEBUG_INFO = NO;
				SDKROOT = macosx;
				SWIFT_OBJC_BRIDGING_HEADER = "";
				SWIFT_OPTIMIZATION_LEVEL = "-Onone";
			};
			name = Release;
		};
/* End XCBuildConfiguration section */

/* Begin XCConfigurationList section */
		A72244151DBE3BF700B41F61 /* Build configuration list for PBXNativeTarget "SwixTestsF" */ = {
			isa = XCConfigurationList;
			buildConfigurations = (
				A72244161DBE3BF700B41F61 /* Debug */,
				A72244171DBE3BF700B41F61 /* Release */,
			);
			defaultConfigurationIsVisible = 0;
		};
		A728DFF81DBBAD15008624D4 /* Build configuration list for PBXNativeTarget "SwixTest" */ = {
			isa = XCConfigurationList;
			buildConfigurations = (
				A728DFF91DBBAD15008624D4 /* Debug */,
				A728DFFA1DBBAD15008624D4 /* Release */,
			);
			defaultConfigurationIsVisible = 0;
			defaultConfigurationName = Release;
		};
		A729656F1DBCBA76007C07F3 /* Build configuration list for PBXNativeTarget "SwixO" */ = {
			isa = XCConfigurationList;
			buildConfigurations = (
				A729656B1DBCBA76007C07F3 /* Debug */,
				A729656C1DBCBA76007C07F3 /* Release */,
			);
			defaultConfigurationIsVisible = 0;
			defaultConfigurationName = Release;
		};
		A72965A81DBCDAE4007C07F3 /* Build configuration list for PBXNativeTarget "SwixF" */ = {
			isa = XCConfigurationList;
			buildConfigurations = (
				A72965A91DBCDAE4007C07F3 /* Debug */,
				A72965AA1DBCDAE4007C07F3 /* Release */,
			);
			defaultConfigurationIsVisible = 0;
			defaultConfigurationName = Release;
		};
		D24A854C196D7D73009C18AC /* Build configuration list for PBXProject "swix" */ = {
			isa = XCConfigurationList;
			buildConfigurations = (
				D24A8556196D7D73009C18AC /* Debug */,
				D24A8557196D7D73009C18AC /* Release */,
			);
			defaultConfigurationIsVisible = 0;
			defaultConfigurationName = Release;
		};
/* End XCConfigurationList section */
	};
	rootObject = D24A8549196D7D73009C18AC /* Project object */;
}
